// !$*UTF8*$!
{
	archiveVersion = 1;
	classes = {
	};
	objectVersion = 56;
	objects = {

/* Begin PBXBuildFile section */
		4C4A7EC12B24CDE2005AA0B3 /* PBTransactions.json in Resources */ = {isa = PBXBuildFile; fileRef = 4C4A7EC02B24CDE2005AA0B3 /* PBTransactions.json */; };
		4C4A7EC32B24CE3E005AA0B3 /* Bundle+Extension.swift in Sources */ = {isa = PBXBuildFile; fileRef = 4C4A7EC22B24CE3E005AA0B3 /* Bundle+Extension.swift */; };
		4C4A7EC62B24CEE7005AA0B3 /* TransactionModel.swift in Sources */ = {isa = PBXBuildFile; fileRef = 4C4A7EC52B24CEE7005AA0B3 /* TransactionModel.swift */; };
		4C4A7EC92B25BBEC005AA0B3 /* UniversalFormatter.swift in Sources */ = {isa = PBXBuildFile; fileRef = 4C4A7EC82B25BBEC005AA0B3 /* UniversalFormatter.swift */; };
		4C4A7ECC2B25C3A6005AA0B3 /* TransactionCardCell.swift in Sources */ = {isa = PBXBuildFile; fileRef = 4C4A7ECB2B25C3A6005AA0B3 /* TransactionCardCell.swift */; };
		4C4A7ECE2B25CBC6005AA0B3 /* TransactionCardViewModel.swift in Sources */ = {isa = PBXBuildFile; fileRef = 4C4A7ECD2B25CBC6005AA0B3 /* TransactionCardViewModel.swift */; };
		4C4A7ED02B25D6AD005AA0B3 /* MockApiManager.swift in Sources */ = {isa = PBXBuildFile; fileRef = 4C4A7ECF2B25D6AD005AA0B3 /* MockApiManager.swift */; };
		4C4A7ED22B25E833005AA0B3 /* FilterView.swift in Sources */ = {isa = PBXBuildFile; fileRef = 4C4A7ED12B25E833005AA0B3 /* FilterView.swift */; };
		4C4A7ED42B261E62005AA0B3 /* FilterOptionsView.swift in Sources */ = {isa = PBXBuildFile; fileRef = 4C4A7ED32B261E62005AA0B3 /* FilterOptionsView.swift */; };
		4C4A7ED62B26221B005AA0B3 /* Int+Extension.swift in Sources */ = {isa = PBXBuildFile; fileRef = 4C4A7ED52B26221B005AA0B3 /* Int+Extension.swift */; };
		4C4A7ED82B26223E005AA0B3 /* FilterType.swift in Sources */ = {isa = PBXBuildFile; fileRef = 4C4A7ED72B26223E005AA0B3 /* FilterType.swift */; };
		4C4A7EDE2B265828005AA0B3 /* TransactionDetailsPage.swift in Sources */ = {isa = PBXBuildFile; fileRef = 4C4A7EDD2B265828005AA0B3 /* TransactionDetailsPage.swift */; };
		4C4A7EE02B265847005AA0B3 /* TransactionDetailsPageViewModel.swift in Sources */ = {isa = PBXBuildFile; fileRef = 4C4A7EDF2B265847005AA0B3 /* TransactionDetailsPageViewModel.swift */; };
		4C4A7EE22B265A1B005AA0B3 /* TransactionInfoView.swift in Sources */ = {isa = PBXBuildFile; fileRef = 4C4A7EE12B265A1B005AA0B3 /* TransactionInfoView.swift */; };
		4C4A7EE42B265CAA005AA0B3 /* Image+Extension.swift in Sources */ = {isa = PBXBuildFile; fileRef = 4C4A7EE32B265CAA005AA0B3 /* Image+Extension.swift */; };
		4C4A7EE62B265D54005AA0B3 /* PBAssetDisplayable.swift in Sources */ = {isa = PBXBuildFile; fileRef = 4C4A7EE52B265D54005AA0B3 /* PBAssetDisplayable.swift */; };
		4C6F51B12B2462B90087DCFB /* WorldOfPayBackApp.swift in Sources */ = {isa = PBXBuildFile; fileRef = 4C6F51B02B2462B90087DCFB /* WorldOfPayBackApp.swift */; };
		4C6F51B32B2462B90087DCFB /* PBMainHostingView.swift in Sources */ = {isa = PBXBuildFile; fileRef = 4C6F51B22B2462B90087DCFB /* PBMainHostingView.swift */; };
		4C6F51B52B2462B90087DCFB /* Assets.xcassets in Resources */ = {isa = PBXBuildFile; fileRef = 4C6F51B42B2462B90087DCFB /* Assets.xcassets */; };
		4C6F51B92B2462B90087DCFB /* Preview Assets.xcassets in Resources */ = {isa = PBXBuildFile; fileRef = 4C6F51B82B2462B90087DCFB /* Preview Assets.xcassets */; };
		4C6F51C12B2463110087DCFB /* PBTabItemView.swift in Sources */ = {isa = PBXBuildFile; fileRef = 4C6F51C02B2463110087DCFB /* PBTabItemView.swift */; };
		4C6F51C42B24770C0087DCFB /* NetworkManager.swift in Sources */ = {isa = PBXBuildFile; fileRef = 4C6F51C32B24770C0087DCFB /* NetworkManager.swift */; };
		4C6F51C62B2477230087DCFB /* ApiManager.swift in Sources */ = {isa = PBXBuildFile; fileRef = 4C6F51C52B2477230087DCFB /* ApiManager.swift */; };
		4C6F51C82B24772F0087DCFB /* URLConfigurator.swift in Sources */ = {isa = PBXBuildFile; fileRef = 4C6F51C72B24772F0087DCFB /* URLConfigurator.swift */; };
		4C6F51CA2B2477390087DCFB /* ApiRequest.swift in Sources */ = {isa = PBXBuildFile; fileRef = 4C6F51C92B2477390087DCFB /* ApiRequest.swift */; };
		4C6F51CD2B2477A10087DCFB /* PBTransactionsApiRequest.swift in Sources */ = {isa = PBXBuildFile; fileRef = 4C6F51CC2B2477A10087DCFB /* PBTransactionsApiRequest.swift */; };
		4C6F51D02B247A2D0087DCFB /* Array+Extension.swift in Sources */ = {isa = PBXBuildFile; fileRef = 4C6F51CF2B247A2D0087DCFB /* Array+Extension.swift */; };
		4C6F51D22B247A510087DCFB /* URLQueryItem+Extension.swift in Sources */ = {isa = PBXBuildFile; fileRef = 4C6F51D12B247A510087DCFB /* URLQueryItem+Extension.swift */; };
		4C6F51D42B247DA50087DCFB /* InfoConfig.swift in Sources */ = {isa = PBXBuildFile; fileRef = 4C6F51D32B247DA50087DCFB /* InfoConfig.swift */; };
		4C6F51D92B24830C0087DCFB /* BuildEnvironment.swift in Sources */ = {isa = PBXBuildFile; fileRef = 4C6F51D82B24830C0087DCFB /* BuildEnvironment.swift */; };
		4C6F51DB2B2493AC0087DCFB /* PBNetworkMonitorService.swift in Sources */ = {isa = PBXBuildFile; fileRef = 4C6F51DA2B2493AC0087DCFB /* PBNetworkMonitorService.swift */; };
		4C6F51DE2B24BE680087DCFB /* TransactionsHistoryPage.swift in Sources */ = {isa = PBXBuildFile; fileRef = 4C6F51DD2B24BE680087DCFB /* TransactionsHistoryPage.swift */; };
		4C6F51E02B24C4650087DCFB /* PBInfo.plist in Resources */ = {isa = PBXBuildFile; fileRef = 4C6F51DF2B24C4650087DCFB /* PBInfo.plist */; };
		4C6F51E32B24C4F00087DCFB /* NavigationBar.swift in Sources */ = {isa = PBXBuildFile; fileRef = 4C6F51E22B24C4F00087DCFB /* NavigationBar.swift */; };
		4C6F51E72B24C6490087DCFB /* TransactionsHistoryPageViewModel.swift in Sources */ = {isa = PBXBuildFile; fileRef = 4C6F51E62B24C6490087DCFB /* TransactionsHistoryPageViewModel.swift */; };
		4C6F51EA2B24C8440087DCFB /* TransactionCardModel.swift in Sources */ = {isa = PBXBuildFile; fileRef = 4C6F51E92B24C8440087DCFB /* TransactionCardModel.swift */; };
		4C6FE21A2B274F8200CDAA52 /* PBErrorMessageView.swift in Sources */ = {isa = PBXBuildFile; fileRef = 4C6FE2192B274F8200CDAA52 /* PBErrorMessageView.swift */; };
		4C6FE21C2B27503500CDAA52 /* Color+Extension.swift in Sources */ = {isa = PBXBuildFile; fileRef = 4C6FE21B2B27503500CDAA52 /* Color+Extension.swift */; };
		4C6FE21E2B2751BB00CDAA52 /* LoadingStatus.swift in Sources */ = {isa = PBXBuildFile; fileRef = 4C6FE21D2B2751BB00CDAA52 /* LoadingStatus.swift */; };
		4C6FE2202B27532D00CDAA52 /* ErrorResponse.swift in Sources */ = {isa = PBXBuildFile; fileRef = 4C6FE21F2B27532D00CDAA52 /* ErrorResponse.swift */; };
		4C6FE2232B27564200CDAA52 /* PBErrorHandlingViewModel.swift in Sources */ = {isa = PBXBuildFile; fileRef = 4C6FE2222B27564200CDAA52 /* PBErrorHandlingViewModel.swift */; };
/* End PBXBuildFile section */

/* Begin PBXFileReference section */
		4C4A7EC02B24CDE2005AA0B3 /* PBTransactions.json */ = {isa = PBXFileReference; fileEncoding = 4; lastKnownFileType = text.json; path = PBTransactions.json; sourceTree = "<group>"; };
		4C4A7EC22B24CE3E005AA0B3 /* Bundle+Extension.swift */ = {isa = PBXFileReference; lastKnownFileType = sourcecode.swift; path = "Bundle+Extension.swift"; sourceTree = "<group>"; };
		4C4A7EC52B24CEE7005AA0B3 /* TransactionModel.swift */ = {isa = PBXFileReference; lastKnownFileType = sourcecode.swift; path = TransactionModel.swift; sourceTree = "<group>"; };
		4C4A7EC82B25BBEC005AA0B3 /* UniversalFormatter.swift */ = {isa = PBXFileReference; lastKnownFileType = sourcecode.swift; path = UniversalFormatter.swift; sourceTree = "<group>"; };
		4C4A7ECB2B25C3A6005AA0B3 /* TransactionCardCell.swift */ = {isa = PBXFileReference; lastKnownFileType = sourcecode.swift; path = TransactionCardCell.swift; sourceTree = "<group>"; };
		4C4A7ECD2B25CBC6005AA0B3 /* TransactionCardViewModel.swift */ = {isa = PBXFileReference; lastKnownFileType = sourcecode.swift; path = TransactionCardViewModel.swift; sourceTree = "<group>"; };
		4C4A7ECF2B25D6AD005AA0B3 /* MockApiManager.swift */ = {isa = PBXFileReference; lastKnownFileType = sourcecode.swift; path = MockApiManager.swift; sourceTree = "<group>"; };
		4C4A7ED12B25E833005AA0B3 /* FilterView.swift */ = {isa = PBXFileReference; lastKnownFileType = sourcecode.swift; path = FilterView.swift; sourceTree = "<group>"; };
		4C4A7ED32B261E62005AA0B3 /* FilterOptionsView.swift */ = {isa = PBXFileReference; lastKnownFileType = sourcecode.swift; path = FilterOptionsView.swift; sourceTree = "<group>"; };
		4C4A7ED52B26221B005AA0B3 /* Int+Extension.swift */ = {isa = PBXFileReference; lastKnownFileType = sourcecode.swift; path = "Int+Extension.swift"; sourceTree = "<group>"; };
		4C4A7ED72B26223E005AA0B3 /* FilterType.swift */ = {isa = PBXFileReference; lastKnownFileType = sourcecode.swift; path = FilterType.swift; sourceTree = "<group>"; };
		4C4A7EDD2B265828005AA0B3 /* TransactionDetailsPage.swift */ = {isa = PBXFileReference; lastKnownFileType = sourcecode.swift; path = TransactionDetailsPage.swift; sourceTree = "<group>"; };
		4C4A7EDF2B265847005AA0B3 /* TransactionDetailsPageViewModel.swift */ = {isa = PBXFileReference; lastKnownFileType = sourcecode.swift; path = TransactionDetailsPageViewModel.swift; sourceTree = "<group>"; };
		4C4A7EE12B265A1B005AA0B3 /* TransactionInfoView.swift */ = {isa = PBXFileReference; lastKnownFileType = sourcecode.swift; path = TransactionInfoView.swift; sourceTree = "<group>"; };
		4C4A7EE32B265CAA005AA0B3 /* Image+Extension.swift */ = {isa = PBXFileReference; lastKnownFileType = sourcecode.swift; path = "Image+Extension.swift"; sourceTree = "<group>"; };
		4C4A7EE52B265D54005AA0B3 /* PBAssetDisplayable.swift */ = {isa = PBXFileReference; lastKnownFileType = sourcecode.swift; path = PBAssetDisplayable.swift; sourceTree = "<group>"; };
		4C6F51AD2B2462B90087DCFB /* WorldOfPayBack.app */ = {isa = PBXFileReference; explicitFileType = wrapper.application; includeInIndex = 0; path = WorldOfPayBack.app; sourceTree = BUILT_PRODUCTS_DIR; };
		4C6F51B02B2462B90087DCFB /* WorldOfPayBackApp.swift */ = {isa = PBXFileReference; lastKnownFileType = sourcecode.swift; path = WorldOfPayBackApp.swift; sourceTree = "<group>"; };
		4C6F51B22B2462B90087DCFB /* PBMainHostingView.swift */ = {isa = PBXFileReference; lastKnownFileType = sourcecode.swift; path = PBMainHostingView.swift; sourceTree = "<group>"; };
		4C6F51B42B2462B90087DCFB /* Assets.xcassets */ = {isa = PBXFileReference; lastKnownFileType = folder.assetcatalog; path = Assets.xcassets; sourceTree = "<group>"; };
		4C6F51B62B2462B90087DCFB /* WorldOfPayBack.entitlements */ = {isa = PBXFileReference; lastKnownFileType = text.plist.entitlements; path = WorldOfPayBack.entitlements; sourceTree = "<group>"; };
		4C6F51B82B2462B90087DCFB /* Preview Assets.xcassets */ = {isa = PBXFileReference; lastKnownFileType = folder.assetcatalog; path = "Preview Assets.xcassets"; sourceTree = "<group>"; };
		4C6F51C02B2463110087DCFB /* PBTabItemView.swift */ = {isa = PBXFileReference; lastKnownFileType = sourcecode.swift; path = PBTabItemView.swift; sourceTree = "<group>"; };
		4C6F51C32B24770C0087DCFB /* NetworkManager.swift */ = {isa = PBXFileReference; lastKnownFileType = sourcecode.swift; path = NetworkManager.swift; sourceTree = "<group>"; };
		4C6F51C52B2477230087DCFB /* ApiManager.swift */ = {isa = PBXFileReference; lastKnownFileType = sourcecode.swift; path = ApiManager.swift; sourceTree = "<group>"; };
		4C6F51C72B24772F0087DCFB /* URLConfigurator.swift */ = {isa = PBXFileReference; lastKnownFileType = sourcecode.swift; path = URLConfigurator.swift; sourceTree = "<group>"; };
		4C6F51C92B2477390087DCFB /* ApiRequest.swift */ = {isa = PBXFileReference; lastKnownFileType = sourcecode.swift; path = ApiRequest.swift; sourceTree = "<group>"; };
		4C6F51CC2B2477A10087DCFB /* PBTransactionsApiRequest.swift */ = {isa = PBXFileReference; lastKnownFileType = sourcecode.swift; path = PBTransactionsApiRequest.swift; sourceTree = "<group>"; };
		4C6F51CF2B247A2D0087DCFB /* Array+Extension.swift */ = {isa = PBXFileReference; lastKnownFileType = sourcecode.swift; path = "Array+Extension.swift"; sourceTree = "<group>"; };
		4C6F51D12B247A510087DCFB /* URLQueryItem+Extension.swift */ = {isa = PBXFileReference; lastKnownFileType = sourcecode.swift; path = "URLQueryItem+Extension.swift"; sourceTree = "<group>"; };
		4C6F51D32B247DA50087DCFB /* InfoConfig.swift */ = {isa = PBXFileReference; lastKnownFileType = sourcecode.swift; path = InfoConfig.swift; sourceTree = "<group>"; };
		4C6F51D82B24830C0087DCFB /* BuildEnvironment.swift */ = {isa = PBXFileReference; lastKnownFileType = sourcecode.swift; path = BuildEnvironment.swift; sourceTree = "<group>"; };
		4C6F51DA2B2493AC0087DCFB /* PBNetworkMonitorService.swift */ = {isa = PBXFileReference; lastKnownFileType = sourcecode.swift; path = PBNetworkMonitorService.swift; sourceTree = "<group>"; };
		4C6F51DD2B24BE680087DCFB /* TransactionsHistoryPage.swift */ = {isa = PBXFileReference; lastKnownFileType = sourcecode.swift; path = TransactionsHistoryPage.swift; sourceTree = "<group>"; };
		4C6F51DF2B24C4650087DCFB /* PBInfo.plist */ = {isa = PBXFileReference; lastKnownFileType = text.plist.xml; path = PBInfo.plist; sourceTree = "<group>"; };
		4C6F51E22B24C4F00087DCFB /* NavigationBar.swift */ = {isa = PBXFileReference; lastKnownFileType = sourcecode.swift; path = NavigationBar.swift; sourceTree = "<group>"; };
		4C6F51E62B24C6490087DCFB /* TransactionsHistoryPageViewModel.swift */ = {isa = PBXFileReference; lastKnownFileType = sourcecode.swift; path = TransactionsHistoryPageViewModel.swift; sourceTree = "<group>"; };
		4C6F51E92B24C8440087DCFB /* TransactionCardModel.swift */ = {isa = PBXFileReference; lastKnownFileType = sourcecode.swift; path = TransactionCardModel.swift; sourceTree = "<group>"; };
		4C6FE2192B274F8200CDAA52 /* PBErrorMessageView.swift */ = {isa = PBXFileReference; lastKnownFileType = sourcecode.swift; path = PBErrorMessageView.swift; sourceTree = "<group>"; };
		4C6FE21B2B27503500CDAA52 /* Color+Extension.swift */ = {isa = PBXFileReference; lastKnownFileType = sourcecode.swift; path = "Color+Extension.swift"; sourceTree = "<group>"; };
		4C6FE21D2B2751BB00CDAA52 /* LoadingStatus.swift */ = {isa = PBXFileReference; lastKnownFileType = sourcecode.swift; path = LoadingStatus.swift; sourceTree = "<group>"; };
		4C6FE21F2B27532D00CDAA52 /* ErrorResponse.swift */ = {isa = PBXFileReference; lastKnownFileType = sourcecode.swift; path = ErrorResponse.swift; sourceTree = "<group>"; };
		4C6FE2222B27564200CDAA52 /* PBErrorHandlingViewModel.swift */ = {isa = PBXFileReference; lastKnownFileType = sourcecode.swift; path = PBErrorHandlingViewModel.swift; sourceTree = "<group>"; };
/* End PBXFileReference section */

/* Begin PBXFrameworksBuildPhase section */
		4C6F51AA2B2462B90087DCFB /* Frameworks */ = {
			isa = PBXFrameworksBuildPhase;
			buildActionMask = 2147483647;
			files = (
			);
			runOnlyForDeploymentPostprocessing = 0;
		};
/* End PBXFrameworksBuildPhase section */

/* Begin PBXGroup section */
		4C4A7EBF2B24CDBC005AA0B3 /* MockData */ = {
			isa = PBXGroup;
			children = (
				4C4A7EC02B24CDE2005AA0B3 /* PBTransactions.json */,
			);
			path = MockData;
			sourceTree = "<group>";
		};
		4C4A7EC42B24CED4005AA0B3 /* Models */ = {
			isa = PBXGroup;
			children = (
				4C6FE2212B27533300CDAA52 /* Errors */,
				4C4A7EC52B24CEE7005AA0B3 /* TransactionModel.swift */,
			);
			path = Models;
			sourceTree = "<group>";
		};
		4C4A7EC72B25BBC8005AA0B3 /* Helpers */ = {
			isa = PBXGroup;
			children = (
				4C4A7EC82B25BBEC005AA0B3 /* UniversalFormatter.swift */,
				4C4A7EE52B265D54005AA0B3 /* PBAssetDisplayable.swift */,
				4C6FE21D2B2751BB00CDAA52 /* LoadingStatus.swift */,
			);
			path = Helpers;
			sourceTree = "<group>";
		};
		4C4A7ECA2B25C395005AA0B3 /* Cells */ = {
			isa = PBXGroup;
			children = (
				4C4A7ECB2B25C3A6005AA0B3 /* TransactionCardCell.swift */,
			);
			path = Cells;
			sourceTree = "<group>";
		};
		4C4A7ED92B2657F6005AA0B3 /* TransactionDetails */ = {
			isa = PBXGroup;
			children = (
				4C4A7EDC2B265816005AA0B3 /* Models */,
				4C4A7EDB2B26580F005AA0B3 /* ViewModels */,
				4C4A7EDA2B265809005AA0B3 /* Views */,
			);
			path = TransactionDetails;
			sourceTree = "<group>";
		};
		4C4A7EDA2B265809005AA0B3 /* Views */ = {
			isa = PBXGroup;
			children = (
				4C4A7EDD2B265828005AA0B3 /* TransactionDetailsPage.swift */,
				4C4A7EE12B265A1B005AA0B3 /* TransactionInfoView.swift */,
			);
			path = Views;
			sourceTree = "<group>";
		};
		4C4A7EDB2B26580F005AA0B3 /* ViewModels */ = {
			isa = PBXGroup;
			children = (
				4C4A7EDF2B265847005AA0B3 /* TransactionDetailsPageViewModel.swift */,
			);
			path = ViewModels;
			sourceTree = "<group>";
		};
		4C4A7EDC2B265816005AA0B3 /* Models */ = {
			isa = PBXGroup;
			children = (
			);
			path = Models;
			sourceTree = "<group>";
		};
		4C4AD0D42B2469AD0092EBA3 /* Services */ = {
			isa = PBXGroup;
			children = (
				4C6F51C22B246A8D0087DCFB /* Network */,
			);
			path = Services;
			sourceTree = "<group>";
		};
		4C6F51A42B2462B90087DCFB = {
			isa = PBXGroup;
			children = (
				4C6F51AF2B2462B90087DCFB /* WorldOfPayBack */,
				4C6F51AE2B2462B90087DCFB /* Products */,
			);
			sourceTree = "<group>";
		};
		4C6F51AE2B2462B90087DCFB /* Products */ = {
			isa = PBXGroup;
			children = (
				4C6F51AD2B2462B90087DCFB /* WorldOfPayBack.app */,
			);
			name = Products;
			sourceTree = "<group>";
		};
		4C6F51AF2B2462B90087DCFB /* WorldOfPayBack */ = {
			isa = PBXGroup;
			children = (
				4C6FE2182B274F3C00CDAA52 /* ErrorHandling */,
				4C6F51BF2B2462EF0087DCFB /* HostingView */,
				4C6F51DC2B24BE3F0087DCFB /* TransactionsHistoryPage */,
				4C4A7ED92B2657F6005AA0B3 /* TransactionDetails */,
				4C6F51CE2B247A190087DCFB /* Extensions */,
				4C6F51E12B24C4C40087DCFB /* ReusableViews */,
				4C4AD0D42B2469AD0092EBA3 /* Services */,
				4C4A7EC72B25BBC8005AA0B3 /* Helpers */,
				4C6F51D52B2480590087DCFB /* Resources */,
				4C6F51B02B2462B90087DCFB /* WorldOfPayBackApp.swift */,
				4C6F51B62B2462B90087DCFB /* WorldOfPayBack.entitlements */,
			);
			path = WorldOfPayBack;
			sourceTree = "<group>";
		};
		4C6F51B72B2462B90087DCFB /* Preview Content */ = {
			isa = PBXGroup;
			children = (
				4C6F51B82B2462B90087DCFB /* Preview Assets.xcassets */,
			);
			path = "Preview Content";
			sourceTree = "<group>";
		};
		4C6F51BF2B2462EF0087DCFB /* HostingView */ = {
			isa = PBXGroup;
			children = (
				4C6F51B22B2462B90087DCFB /* PBMainHostingView.swift */,
				4C6F51C02B2463110087DCFB /* PBTabItemView.swift */,
			);
			path = HostingView;
			sourceTree = "<group>";
		};
		4C6F51C22B246A8D0087DCFB /* Network */ = {
			isa = PBXGroup;
			children = (
				4C4A7EC42B24CED4005AA0B3 /* Models */,
				4C6F51CB2B2477510087DCFB /* ApiRequests */,
				4C6F51C32B24770C0087DCFB /* NetworkManager.swift */,
				4C6F51C52B2477230087DCFB /* ApiManager.swift */,
				4C4A7ECF2B25D6AD005AA0B3 /* MockApiManager.swift */,
				4C6F51C72B24772F0087DCFB /* URLConfigurator.swift */,
				4C6F51D32B247DA50087DCFB /* InfoConfig.swift */,
				4C6F51D82B24830C0087DCFB /* BuildEnvironment.swift */,
				4C6F51DA2B2493AC0087DCFB /* PBNetworkMonitorService.swift */,
			);
			path = Network;
			sourceTree = "<group>";
		};
		4C6F51CB2B2477510087DCFB /* ApiRequests */ = {
			isa = PBXGroup;
			children = (
				4C6F51C92B2477390087DCFB /* ApiRequest.swift */,
				4C6F51CC2B2477A10087DCFB /* PBTransactionsApiRequest.swift */,
			);
			path = ApiRequests;
			sourceTree = "<group>";
		};
		4C6F51CE2B247A190087DCFB /* Extensions */ = {
			isa = PBXGroup;
			children = (
				4C6F51CF2B247A2D0087DCFB /* Array+Extension.swift */,
				4C6F51D12B247A510087DCFB /* URLQueryItem+Extension.swift */,
				4C4A7EC22B24CE3E005AA0B3 /* Bundle+Extension.swift */,
				4C4A7ED52B26221B005AA0B3 /* Int+Extension.swift */,
				4C4A7EE32B265CAA005AA0B3 /* Image+Extension.swift */,
				4C6FE21B2B27503500CDAA52 /* Color+Extension.swift */,
			);
			path = Extensions;
			sourceTree = "<group>";
		};
		4C6F51D52B2480590087DCFB /* Resources */ = {
			isa = PBXGroup;
			children = (
				4C4A7EBF2B24CDBC005AA0B3 /* MockData */,
				4C6F51DF2B24C4650087DCFB /* PBInfo.plist */,
				4C6F51B42B2462B90087DCFB /* Assets.xcassets */,
				4C6F51B72B2462B90087DCFB /* Preview Content */,
			);
			path = Resources;
			sourceTree = "<group>";
		};
		4C6F51DC2B24BE3F0087DCFB /* TransactionsHistoryPage */ = {
			isa = PBXGroup;
			children = (
				4C6F51E82B24C82B0087DCFB /* Models */,
				4C6F51E52B24C6300087DCFB /* ViewModels */,
				4C6F51E42B24C6290087DCFB /* Views */,
			);
			path = TransactionsHistoryPage;
			sourceTree = "<group>";
		};
		4C6F51E12B24C4C40087DCFB /* ReusableViews */ = {
			isa = PBXGroup;
			children = (
				4C6F51E22B24C4F00087DCFB /* NavigationBar.swift */,
				4C4A7ED32B261E62005AA0B3 /* FilterOptionsView.swift */,
			);
			path = ReusableViews;
			sourceTree = "<group>";
		};
		4C6F51E42B24C6290087DCFB /* Views */ = {
			isa = PBXGroup;
			children = (
				4C4A7ECA2B25C395005AA0B3 /* Cells */,
				4C6F51DD2B24BE680087DCFB /* TransactionsHistoryPage.swift */,
				4C4A7ED12B25E833005AA0B3 /* FilterView.swift */,
			);
			path = Views;
			sourceTree = "<group>";
		};
		4C6F51E52B24C6300087DCFB /* ViewModels */ = {
			isa = PBXGroup;
			children = (
				4C6F51E62B24C6490087DCFB /* TransactionsHistoryPageViewModel.swift */,
				4C4A7ECD2B25CBC6005AA0B3 /* TransactionCardViewModel.swift */,
			);
			path = ViewModels;
			sourceTree = "<group>";
		};
		4C6F51E82B24C82B0087DCFB /* Models */ = {
			isa = PBXGroup;
			children = (
				4C6F51E92B24C8440087DCFB /* TransactionCardModel.swift */,
				4C4A7ED72B26223E005AA0B3 /* FilterType.swift */,
			);
			path = Models;
			sourceTree = "<group>";
		};
		4C6FE2182B274F3C00CDAA52 /* ErrorHandling */ = {
			isa = PBXGroup;
			children = (
				4C6FE2192B274F8200CDAA52 /* PBErrorMessageView.swift */,
				4C6FE2222B27564200CDAA52 /* PBErrorHandlingViewModel.swift */,
			);
			path = ErrorHandling;
			sourceTree = "<group>";
		};
		4C6FE2212B27533300CDAA52 /* Errors */ = {
			isa = PBXGroup;
			children = (
				4C6FE21F2B27532D00CDAA52 /* ErrorResponse.swift */,
			);
			path = Errors;
			sourceTree = "<group>";
		};
/* End PBXGroup section */

/* Begin PBXNativeTarget section */
		4C6F51AC2B2462B90087DCFB /* WorldOfPayBack */ = {
			isa = PBXNativeTarget;
			buildConfigurationList = 4C6F51BC2B2462B90087DCFB /* Build configuration list for PBXNativeTarget "WorldOfPayBack" */;
			buildPhases = (
				4C6F51A92B2462B90087DCFB /* Sources */,
				4C6F51AA2B2462B90087DCFB /* Frameworks */,
				4C6F51AB2B2462B90087DCFB /* Resources */,
			);
			buildRules = (
			);
			dependencies = (
			);
			name = WorldOfPayBack;
			productName = WorldOfPayBack;
			productReference = 4C6F51AD2B2462B90087DCFB /* WorldOfPayBack.app */;
			productType = "com.apple.product-type.application";
		};
/* End PBXNativeTarget section */

/* Begin PBXProject section */
		4C6F51A52B2462B90087DCFB /* Project object */ = {
			isa = PBXProject;
			attributes = {
				BuildIndependentTargetsInParallel = 1;
				LastSwiftUpdateCheck = 1500;
				LastUpgradeCheck = 1500;
				TargetAttributes = {
					4C6F51AC2B2462B90087DCFB = {
						CreatedOnToolsVersion = 15.0;
					};
				};
			};
			buildConfigurationList = 4C6F51A82B2462B90087DCFB /* Build configuration list for PBXProject "WorldOfPayBack" */;
			compatibilityVersion = "Xcode 14.0";
			developmentRegion = en;
			hasScannedForEncodings = 0;
			knownRegions = (
				en,
				Base,
			);
			mainGroup = 4C6F51A42B2462B90087DCFB;
			productRefGroup = 4C6F51AE2B2462B90087DCFB /* Products */;
			projectDirPath = "";
			projectRoot = "";
			targets = (
				4C6F51AC2B2462B90087DCFB /* WorldOfPayBack */,
			);
		};
/* End PBXProject section */

/* Begin PBXResourcesBuildPhase section */
		4C6F51AB2B2462B90087DCFB /* Resources */ = {
			isa = PBXResourcesBuildPhase;
			buildActionMask = 2147483647;
			files = (
				4C6F51E02B24C4650087DCFB /* PBInfo.plist in Resources */,
				4C6F51B92B2462B90087DCFB /* Preview Assets.xcassets in Resources */,
				4C4A7EC12B24CDE2005AA0B3 /* PBTransactions.json in Resources */,
				4C6F51B52B2462B90087DCFB /* Assets.xcassets in Resources */,
			);
			runOnlyForDeploymentPostprocessing = 0;
		};
/* End PBXResourcesBuildPhase section */

/* Begin PBXSourcesBuildPhase section */
		4C6F51A92B2462B90087DCFB /* Sources */ = {
			isa = PBXSourcesBuildPhase;
			buildActionMask = 2147483647;
			files = (
				4C6F51B32B2462B90087DCFB /* PBMainHostingView.swift in Sources */,
				4C4A7EC32B24CE3E005AA0B3 /* Bundle+Extension.swift in Sources */,
				4C6F51C12B2463110087DCFB /* PBTabItemView.swift in Sources */,
				4C6F51D92B24830C0087DCFB /* BuildEnvironment.swift in Sources */,
				4C4A7ED22B25E833005AA0B3 /* FilterView.swift in Sources */,
				4C6F51C82B24772F0087DCFB /* URLConfigurator.swift in Sources */,
				4C6FE21E2B2751BB00CDAA52 /* LoadingStatus.swift in Sources */,
				4C4A7ED42B261E62005AA0B3 /* FilterOptionsView.swift in Sources */,
				4C6F51EA2B24C8440087DCFB /* TransactionCardModel.swift in Sources */,
				4C4A7ED82B26223E005AA0B3 /* FilterType.swift in Sources */,
				4C6F51D02B247A2D0087DCFB /* Array+Extension.swift in Sources */,
				4C6F51E72B24C6490087DCFB /* TransactionsHistoryPageViewModel.swift in Sources */,
				4C6F51E32B24C4F00087DCFB /* NavigationBar.swift in Sources */,
				4C4A7ECE2B25CBC6005AA0B3 /* TransactionCardViewModel.swift in Sources */,
				4C4A7ED02B25D6AD005AA0B3 /* MockApiManager.swift in Sources */,
				4C6F51C62B2477230087DCFB /* ApiManager.swift in Sources */,
				4C6FE2202B27532D00CDAA52 /* ErrorResponse.swift in Sources */,
				4C4A7EE22B265A1B005AA0B3 /* TransactionInfoView.swift in Sources */,
				4C4A7EC62B24CEE7005AA0B3 /* TransactionModel.swift in Sources */,
				4C4A7EDE2B265828005AA0B3 /* TransactionDetailsPage.swift in Sources */,
				4C6FE21A2B274F8200CDAA52 /* PBErrorMessageView.swift in Sources */,
				4C6F51DE2B24BE680087DCFB /* TransactionsHistoryPage.swift in Sources */,
				4C4A7EC92B25BBEC005AA0B3 /* UniversalFormatter.swift in Sources */,
				4C6F51C42B24770C0087DCFB /* NetworkManager.swift in Sources */,
				4C6F51CA2B2477390087DCFB /* ApiRequest.swift in Sources */,
				4C6F51B12B2462B90087DCFB /* WorldOfPayBackApp.swift in Sources */,
				4C6F51D42B247DA50087DCFB /* InfoConfig.swift in Sources */,
				4C4A7ED62B26221B005AA0B3 /* Int+Extension.swift in Sources */,
				4C6F51CD2B2477A10087DCFB /* PBTransactionsApiRequest.swift in Sources */,
				4C4A7EE62B265D54005AA0B3 /* PBAssetDisplayable.swift in Sources */,
				4C4A7ECC2B25C3A6005AA0B3 /* TransactionCardCell.swift in Sources */,
				4C4A7EE42B265CAA005AA0B3 /* Image+Extension.swift in Sources */,
				4C6F51D22B247A510087DCFB /* URLQueryItem+Extension.swift in Sources */,
				4C6FE21C2B27503500CDAA52 /* Color+Extension.swift in Sources */,
				4C6FE2232B27564200CDAA52 /* PBErrorHandlingViewModel.swift in Sources */,
				4C6F51DB2B2493AC0087DCFB /* PBNetworkMonitorService.swift in Sources */,
				4C4A7EE02B265847005AA0B3 /* TransactionDetailsPageViewModel.swift in Sources */,
			);
			runOnlyForDeploymentPostprocessing = 0;
		};
/* End PBXSourcesBuildPhase section */

/* Begin XCBuildConfiguration section */
		4C6F51BA2B2462B90087DCFB /* Debug */ = {
			isa = XCBuildConfiguration;
			buildSettings = {
				ALWAYS_SEARCH_USER_PATHS = NO;
				ASSETCATALOG_COMPILER_GENERATE_SWIFT_ASSET_SYMBOL_EXTENSIONS = YES;
				CLANG_ANALYZER_NONNULL = YES;
				CLANG_ANALYZER_NUMBER_OBJECT_CONVERSION = YES_AGGRESSIVE;
				CLANG_CXX_LANGUAGE_STANDARD = "gnu++20";
				CLANG_ENABLE_MODULES = YES;
				CLANG_ENABLE_OBJC_ARC = YES;
				CLANG_ENABLE_OBJC_WEAK = YES;
				CLANG_WARN_BLOCK_CAPTURE_AUTORELEASING = YES;
				CLANG_WARN_BOOL_CONVERSION = YES;
				CLANG_WARN_COMMA = YES;
				CLANG_WARN_CONSTANT_CONVERSION = YES;
				CLANG_WARN_DEPRECATED_OBJC_IMPLEMENTATIONS = YES;
				CLANG_WARN_DIRECT_OBJC_ISA_USAGE = YES_ERROR;
				CLANG_WARN_DOCUMENTATION_COMMENTS = YES;
				CLANG_WARN_EMPTY_BODY = YES;
				CLANG_WARN_ENUM_CONVERSION = YES;
				CLANG_WARN_INFINITE_RECURSION = YES;
				CLANG_WARN_INT_CONVERSION = YES;
				CLANG_WARN_NON_LITERAL_NULL_CONVERSION = YES;
				CLANG_WARN_OBJC_IMPLICIT_RETAIN_SELF = YES;
				CLANG_WARN_OBJC_LITERAL_CONVERSION = YES;
				CLANG_WARN_OBJC_ROOT_CLASS = YES_ERROR;
				CLANG_WARN_QUOTED_INCLUDE_IN_FRAMEWORK_HEADER = YES;
				CLANG_WARN_RANGE_LOOP_ANALYSIS = YES;
				CLANG_WARN_STRICT_PROTOTYPES = YES;
				CLANG_WARN_SUSPICIOUS_MOVE = YES;
				CLANG_WARN_UNGUARDED_AVAILABILITY = YES_AGGRESSIVE;
				CLANG_WARN_UNREACHABLE_CODE = YES;
				CLANG_WARN__DUPLICATE_METHOD_MATCH = YES;
				COPY_PHASE_STRIP = NO;
				DEBUG_INFORMATION_FORMAT = dwarf;
				ENABLE_STRICT_OBJC_MSGSEND = YES;
				ENABLE_TESTABILITY = YES;
				ENABLE_USER_SCRIPT_SANDBOXING = YES;
				GCC_C_LANGUAGE_STANDARD = gnu17;
				GCC_DYNAMIC_NO_PIC = NO;
				GCC_NO_COMMON_BLOCKS = YES;
				GCC_OPTIMIZATION_LEVEL = 0;
				GCC_PREPROCESSOR_DEFINITIONS = (
					"DEBUG=1",
					"$(inherited)",
				);
				GCC_WARN_64_TO_32_BIT_CONVERSION = YES;
				GCC_WARN_ABOUT_RETURN_TYPE = YES_ERROR;
				GCC_WARN_UNDECLARED_SELECTOR = YES;
				GCC_WARN_UNINITIALIZED_AUTOS = YES_AGGRESSIVE;
				GCC_WARN_UNUSED_FUNCTION = YES;
				GCC_WARN_UNUSED_VARIABLE = YES;
				LOCALIZATION_PREFERS_STRING_CATALOGS = YES;
				MTL_ENABLE_DEBUG_INFO = INCLUDE_SOURCE;
				MTL_FAST_MATH = YES;
				ONLY_ACTIVE_ARCH = YES;
				SWIFT_ACTIVE_COMPILATION_CONDITIONS = "DEBUG $(inherited)";
				SWIFT_OPTIMIZATION_LEVEL = "-Onone";
			};
			name = Debug;
		};
		4C6F51BB2B2462B90087DCFB /* Release */ = {
			isa = XCBuildConfiguration;
			buildSettings = {
				ALWAYS_SEARCH_USER_PATHS = NO;
				ASSETCATALOG_COMPILER_GENERATE_SWIFT_ASSET_SYMBOL_EXTENSIONS = YES;
				CLANG_ANALYZER_NONNULL = YES;
				CLANG_ANALYZER_NUMBER_OBJECT_CONVERSION = YES_AGGRESSIVE;
				CLANG_CXX_LANGUAGE_STANDARD = "gnu++20";
				CLANG_ENABLE_MODULES = YES;
				CLANG_ENABLE_OBJC_ARC = YES;
				CLANG_ENABLE_OBJC_WEAK = YES;
				CLANG_WARN_BLOCK_CAPTURE_AUTORELEASING = YES;
				CLANG_WARN_BOOL_CONVERSION = YES;
				CLANG_WARN_COMMA = YES;
				CLANG_WARN_CONSTANT_CONVERSION = YES;
				CLANG_WARN_DEPRECATED_OBJC_IMPLEMENTATIONS = YES;
				CLANG_WARN_DIRECT_OBJC_ISA_USAGE = YES_ERROR;
				CLANG_WARN_DOCUMENTATION_COMMENTS = YES;
				CLANG_WARN_EMPTY_BODY = YES;
				CLANG_WARN_ENUM_CONVERSION = YES;
				CLANG_WARN_INFINITE_RECURSION = YES;
				CLANG_WARN_INT_CONVERSION = YES;
				CLANG_WARN_NON_LITERAL_NULL_CONVERSION = YES;
				CLANG_WARN_OBJC_IMPLICIT_RETAIN_SELF = YES;
				CLANG_WARN_OBJC_LITERAL_CONVERSION = YES;
				CLANG_WARN_OBJC_ROOT_CLASS = YES_ERROR;
				CLANG_WARN_QUOTED_INCLUDE_IN_FRAMEWORK_HEADER = YES;
				CLANG_WARN_RANGE_LOOP_ANALYSIS = YES;
				CLANG_WARN_STRICT_PROTOTYPES = YES;
				CLANG_WARN_SUSPICIOUS_MOVE = YES;
				CLANG_WARN_UNGUARDED_AVAILABILITY = YES_AGGRESSIVE;
				CLANG_WARN_UNREACHABLE_CODE = YES;
				CLANG_WARN__DUPLICATE_METHOD_MATCH = YES;
				COPY_PHASE_STRIP = NO;
				DEBUG_INFORMATION_FORMAT = "dwarf-with-dsym";
				ENABLE_NS_ASSERTIONS = NO;
				ENABLE_STRICT_OBJC_MSGSEND = YES;
				ENABLE_USER_SCRIPT_SANDBOXING = YES;
				GCC_C_LANGUAGE_STANDARD = gnu17;
				GCC_NO_COMMON_BLOCKS = YES;
				GCC_WARN_64_TO_32_BIT_CONVERSION = YES;
				GCC_WARN_ABOUT_RETURN_TYPE = YES_ERROR;
				GCC_WARN_UNDECLARED_SELECTOR = YES;
				GCC_WARN_UNINITIALIZED_AUTOS = YES_AGGRESSIVE;
				GCC_WARN_UNUSED_FUNCTION = YES;
				GCC_WARN_UNUSED_VARIABLE = YES;
				LOCALIZATION_PREFERS_STRING_CATALOGS = YES;
				MTL_ENABLE_DEBUG_INFO = NO;
				MTL_FAST_MATH = YES;
				SWIFT_COMPILATION_MODE = wholemodule;
			};
			name = Release;
		};
		4C6F51BD2B2462B90087DCFB /* Debug */ = {
			isa = XCBuildConfiguration;
			buildSettings = {
				ASSETCATALOG_COMPILER_APPICON_NAME = AppIcon;
				ASSETCATALOG_COMPILER_GLOBAL_ACCENT_COLOR_NAME = AccentColor;
				CODE_SIGN_ENTITLEMENTS = WorldOfPayBack/WorldOfPayBack.entitlements;
				CODE_SIGN_STYLE = Automatic;
				CURRENT_PROJECT_VERSION = 1;
				DEVELOPMENT_ASSET_PATHS = "\"WorldOfPayBack/Resources/Preview Content\"";
				DEVELOPMENT_TEAM = GQC9F7HZZ3;
				ENABLE_HARDENED_RUNTIME = YES;
				ENABLE_PREVIEWS = YES;
				GENERATE_INFOPLIST_FILE = YES;
				"INFOPLIST_KEY_UIApplicationSceneManifest_Generation[sdk=iphoneos*]" = YES;
				"INFOPLIST_KEY_UIApplicationSceneManifest_Generation[sdk=iphonesimulator*]" = YES;
				"INFOPLIST_KEY_UIApplicationSupportsIndirectInputEvents[sdk=iphoneos*]" = YES;
				"INFOPLIST_KEY_UIApplicationSupportsIndirectInputEvents[sdk=iphonesimulator*]" = YES;
				"INFOPLIST_KEY_UILaunchScreen_Generation[sdk=iphoneos*]" = YES;
				"INFOPLIST_KEY_UILaunchScreen_Generation[sdk=iphonesimulator*]" = YES;
				"INFOPLIST_KEY_UIStatusBarStyle[sdk=iphoneos*]" = UIStatusBarStyleDefault;
				"INFOPLIST_KEY_UIStatusBarStyle[sdk=iphonesimulator*]" = UIStatusBarStyleDefault;
				INFOPLIST_KEY_UISupportedInterfaceOrientations = UIInterfaceOrientationPortrait;
				INFOPLIST_KEY_UISupportedInterfaceOrientations_iPad = "UIInterfaceOrientationLandscapeLeft UIInterfaceOrientationLandscapeRight UIInterfaceOrientationPortrait UIInterfaceOrientationPortraitUpsideDown";
				IPHONEOS_DEPLOYMENT_TARGET = 16.0;
				LD_RUNPATH_SEARCH_PATHS = "@executable_path/Frameworks";
				"LD_RUNPATH_SEARCH_PATHS[sdk=macosx*]" = "@executable_path/../Frameworks";
				MACOSX_DEPLOYMENT_TARGET = 14.0;
				MARKETING_VERSION = 1.0;
				PRODUCT_BUNDLE_IDENTIFIER = PayBack.WorldOfPayBack.dev;
				PRODUCT_NAME = "$(TARGET_NAME)";
				SDKROOT = auto;
				SUPPORTED_PLATFORMS = "iphoneos iphonesimulator";
				SUPPORTS_MACCATALYST = NO;
				SWIFT_EMIT_LOC_STRINGS = YES;
				SWIFT_VERSION = 5.0;
				TARGETED_DEVICE_FAMILY = 1;
			};
			name = Debug;
		};
		4C6F51BE2B2462B90087DCFB /* Release */ = {
			isa = XCBuildConfiguration;
			buildSettings = {
				ASSETCATALOG_COMPILER_APPICON_NAME = AppIcon;
				ASSETCATALOG_COMPILER_GLOBAL_ACCENT_COLOR_NAME = AccentColor;
				CODE_SIGN_ENTITLEMENTS = WorldOfPayBack/WorldOfPayBack.entitlements;
				CODE_SIGN_STYLE = Automatic;
				CURRENT_PROJECT_VERSION = 1;
				DEVELOPMENT_ASSET_PATHS = "\"WorldOfPayBack/Resources/Preview Content\"";
				DEVELOPMENT_TEAM = GQC9F7HZZ3;
				ENABLE_HARDENED_RUNTIME = YES;
				ENABLE_PREVIEWS = YES;
				GENERATE_INFOPLIST_FILE = YES;
				"INFOPLIST_KEY_UIApplicationSceneManifest_Generation[sdk=iphoneos*]" = YES;
				"INFOPLIST_KEY_UIApplicationSceneManifest_Generation[sdk=iphonesimulator*]" = YES;
				"INFOPLIST_KEY_UIApplicationSupportsIndirectInputEvents[sdk=iphoneos*]" = YES;
				"INFOPLIST_KEY_UIApplicationSupportsIndirectInputEvents[sdk=iphonesimulator*]" = YES;
				"INFOPLIST_KEY_UILaunchScreen_Generation[sdk=iphoneos*]" = YES;
				"INFOPLIST_KEY_UILaunchScreen_Generation[sdk=iphonesimulator*]" = YES;
				"INFOPLIST_KEY_UIStatusBarStyle[sdk=iphoneos*]" = UIStatusBarStyleDefault;
				"INFOPLIST_KEY_UIStatusBarStyle[sdk=iphonesimulator*]" = UIStatusBarStyleDefault;
				INFOPLIST_KEY_UISupportedInterfaceOrientations = UIInterfaceOrientationPortrait;
				INFOPLIST_KEY_UISupportedInterfaceOrientations_iPad = "UIInterfaceOrientationLandscapeLeft UIInterfaceOrientationLandscapeRight UIInterfaceOrientationPortrait UIInterfaceOrientationPortraitUpsideDown";
				IPHONEOS_DEPLOYMENT_TARGET = 16.0;
				LD_RUNPATH_SEARCH_PATHS = "@executable_path/Frameworks";
				"LD_RUNPATH_SEARCH_PATHS[sdk=macosx*]" = "@executable_path/../Frameworks";
				MACOSX_DEPLOYMENT_TARGET = 14.0;
				MARKETING_VERSION = 1.0;
				PRODUCT_BUNDLE_IDENTIFIER = PayBack.WorldOfPayBack.dev;
				PRODUCT_NAME = "$(TARGET_NAME)";
				SDKROOT = auto;
				SUPPORTED_PLATFORMS = "iphoneos iphonesimulator";
				SUPPORTS_MACCATALYST = NO;
				SWIFT_EMIT_LOC_STRINGS = YES;
				SWIFT_VERSION = 5.0;
				TARGETED_DEVICE_FAMILY = 1;
			};
			name = Release;
		};
/* End XCBuildConfiguration section */

/* Begin XCConfigurationList section */
		4C6F51A82B2462B90087DCFB /* Build configuration list for PBXProject "WorldOfPayBack" */ = {
			isa = XCConfigurationList;
			buildConfigurations = (
				4C6F51BA2B2462B90087DCFB /* Debug */,
				4C6F51BB2B2462B90087DCFB /* Release */,
			);
			defaultConfigurationIsVisible = 0;
			defaultConfigurationName = Release;
		};
		4C6F51BC2B2462B90087DCFB /* Build configuration list for PBXNativeTarget "WorldOfPayBack" */ = {
			isa = XCConfigurationList;
			buildConfigurations = (
				4C6F51BD2B2462B90087DCFB /* Debug */,
				4C6F51BE2B2462B90087DCFB /* Release */,
			);
			defaultConfigurationIsVisible = 0;
			defaultConfigurationName = Release;
		};
/* End XCConfigurationList section */
	};
	rootObject = 4C6F51A52B2462B90087DCFB /* Project object */;
}
